{
  "name": "react-chemdoodleweb",
  "version": "1.0.0",
  "lockfileVersion": 2,
  "requires": true,
  "packages": {
    "": {
      "name": "react-chemdoodleweb",
      "version": "1.0.0",
      "dependencies": {
        "chemdoodleweb": "file:ChemDoodleWeb-9.4.0"
      },
      "devDependencies": {
        "typescript": "4.7.4"
      },
      "engines": {
        "node": "=16.16.0",
        "npm": "=8.11.0"
      }
    },
    "ChemDoodleWeb-9.4.0": {
      "name": "chemdoodleweb",
      "version": "9.4.0"
    },
    "node_modules/chemdoodleweb": {
      "resolved": "ChemDoodleWeb-9.4.0",
      "link": true
    },
    "node_modules/typescript": {
      "version": "4.7.4",
      "dev": true,
      "license": "Apache-2.0",
      "bin": {
        "tsc": "bin/tsc",
        "tsserver": "bin/tsserver"
      },
      "engines": {
        "node": ">=4.2.0"
      }
    }
  },
  "dependencies": {
    "chemdoodleweb": {
      "version": "file:ChemDoodleWeb-9.4.0"
    },
    "typescript": {
      "version": "4.7.4",
      "dev": true
    }
  }
}
